{
  "name": "chart-framework-app",
  "requires": true,
  "lockfileVersion": 1,
  "dependencies": {
    "asap": {
      "version": "2.0.6",
      "resolved": "https://registry.npmjs.org/asap/-/asap-2.0.6.tgz",
      "integrity": "sha1-5QNHYR1+aQlDIIu9r+vLwvuGbUY="
    },
    "babel-runtime": {
      "version": "6.26.0",
      "resolved": "https://registry.npmjs.org/babel-runtime/-/babel-runtime-6.26.0.tgz",
      "integrity": "sha1-llxwWGaOgrVde/4E/yM3vItWR/4=",
      "requires": {
        "core-js": "2.5.3",
        "regenerator-runtime": "0.11.1"
      }
    },
    "classnames": {
      "version": "2.2.5",
      "resolved": "https://registry.npmjs.org/classnames/-/classnames-2.2.5.tgz",
      "integrity": "sha1-+zgB1FNGdknvNgPH1hoCvRKb3m0="
    },
    "commander": {
      "version": "2.12.2",
      "resolved": "https://registry.npmjs.org/commander/-/commander-2.12.2.tgz",
      "integrity": "sha512-BFnaq5ZOGcDN7FlrtBT4xxkgIToalIIxwjxLWVJ8bGTpe1LroqMiqQXdA7ygc7CRvaYS+9zfPGFnJqFSayx+AA=="
    },
    "core-js": {
      "version": "2.5.3",
      "resolved": "https://registry.npmjs.org/core-js/-/core-js-2.5.3.tgz",
      "integrity": "sha1-isw4NFgk8W2DZbfJtCWRaOjtYD4="
    },
    "create-react-class": {
      "version": "15.6.2",
      "resolved": "https://registry.npmjs.org/create-react-class/-/create-react-class-15.6.2.tgz",
      "integrity": "sha1-zx7RXxKq1/FO9fLf4F5sQvke8Co=",
      "requires": {
        "fbjs": "0.8.16",
        "loose-envify": "1.3.1",
        "object-assign": "4.1.1"
      }
    },
    "d3": {
      "version": "4.12.2",
      "resolved": "https://registry.npmjs.org/d3/-/d3-4.12.2.tgz",
      "integrity": "sha512-aKAlpgTmpuGeEpezB+GvPpX1x+gCMs/PHpuse6sCpkgw4Un3ZeqUobIc87eIy9adcl+wxPAnEyKyO5oulH3MOw==",
      "requires": {
        "d3-array": "1.2.1",
        "d3-axis": "1.0.8",
        "d3-brush": "1.0.4",
        "d3-chord": "1.0.4",
        "d3-collection": "1.0.4",
        "d3-color": "1.0.3",
        "d3-dispatch": "1.0.3",
        "d3-drag": "1.2.1",
        "d3-dsv": "1.0.8",
        "d3-ease": "1.0.3",
        "d3-force": "1.1.0",
        "d3-format": "1.2.1",
        "d3-geo": "1.9.1",
        "d3-hierarchy": "1.1.5",
        "d3-interpolate": "1.1.6",
        "d3-path": "1.0.5",
        "d3-polygon": "1.0.3",
        "d3-quadtree": "1.0.3",
        "d3-queue": "3.0.7",
        "d3-random": "1.1.0",
        "d3-request": "1.0.6",
        "d3-scale": "1.0.7",
        "d3-selection": "1.2.0",
        "d3-shape": "1.2.0",
        "d3-time": "1.0.8",
        "d3-time-format": "2.1.1",
        "d3-timer": "1.0.7",
        "d3-transition": "1.1.1",
        "d3-voronoi": "1.1.2",
        "d3-zoom": "1.7.1"
      }
    },
    "d3-array": {
      "version": "1.2.1",
      "resolved": "https://registry.npmjs.org/d3-array/-/d3-array-1.2.1.tgz",
      "integrity": "sha512-CyINJQ0SOUHojDdFDH4JEM0552vCR1utGyLHegJHyYH0JyCpSeTPxi4OBqHMA2jJZq4NH782LtaJWBImqI/HBw=="
    },
    "d3-axis": {
      "version": "1.0.8",
      "resolved": "https://registry.npmjs.org/d3-axis/-/d3-axis-1.0.8.tgz",
      "integrity": "sha1-MacFoLU15ldZ3hQXOjGTMTfxjvo="
    },
    "d3-brush": {
      "version": "1.0.4",
      "resolved": "https://registry.npmjs.org/d3-brush/-/d3-brush-1.0.4.tgz",
      "integrity": "sha1-AMLyOAGfJPbAoZSibUGhUw/+e8Q=",
      "requires": {
        "d3-dispatch": "1.0.3",
        "d3-drag": "1.2.1",
        "d3-interpolate": "1.1.6",
        "d3-selection": "1.2.0",
        "d3-transition": "1.1.1"
      }
    },
    "d3-chart-framework": {
      "version": "0.0.11",
      "resolved": "https://registry.npmjs.org/d3-chart-framework/-/d3-chart-framework-0.0.11.tgz",
      "integrity": "sha1-t9WatNaTGflyWEd3lmAjqB6Fs4c=",
      "requires": {
        "d3": "4.4.0",
        "moment": "2.17.1",
        "underscore": "1.8.3"
      },
      "dependencies": {
        "d3": {
          "version": "4.4.0",
          "resolved": "https://registry.npmjs.org/d3/-/d3-4.4.0.tgz",
          "integrity": "sha1-rsStD9V0MEqQmwEvrEeD+7z58JY=",
          "requires": {
            "d3-array": "1.0.2",
            "d3-axis": "1.0.4",
            "d3-brush": "1.0.3",
            "d3-chord": "1.0.3",
            "d3-collection": "1.0.2",
            "d3-color": "1.0.2",
            "d3-dispatch": "1.0.2",
            "d3-drag": "1.0.2",
            "d3-dsv": "1.0.3",
            "d3-ease": "1.0.2",
            "d3-force": "1.0.4",
            "d3-format": "1.0.2",
            "d3-geo": "1.4.0",
            "d3-hierarchy": "1.0.3",
            "d3-interpolate": "1.1.2",
            "d3-path": "1.0.3",
            "d3-polygon": "1.0.2",
            "d3-quadtree": "1.0.2",
            "d3-queue": "3.0.3",
            "d3-random": "1.0.2",
            "d3-request": "1.0.3",
            "d3-scale": "1.0.4",
            "d3-selection": "1.0.3",
            "d3-shape": "1.0.4",
            "d3-time": "1.0.4",
            "d3-time-format": "2.0.3",
            "d3-timer": "1.0.3",
            "d3-transition": "1.0.3",
            "d3-voronoi": "1.1.0",
            "d3-zoom": "1.1.0"
          }
        },
        "d3-array": {
          "version": "1.0.2",
          "resolved": "https://registry.npmjs.org/d3-array/-/d3-array-1.0.2.tgz",
          "integrity": "sha1-F0I3vzVqhS+t1q+HdD2ShjHedlU="
        },
        "d3-axis": {
          "version": "1.0.4",
          "resolved": "https://registry.npmjs.org/d3-axis/-/d3-axis-1.0.4.tgz",
          "integrity": "sha1-vf3PXoWYJAYuDxetkg92I25yUSw="
        },
        "d3-brush": {
          "version": "1.0.3",
          "resolved": "https://registry.npmjs.org/d3-brush/-/d3-brush-1.0.3.tgz",
          "integrity": "sha1-T6U3TMO3VdCZC/drcbemZBd1HHQ=",
          "requires": {
            "d3-dispatch": "1.0.2",
            "d3-drag": "1.0.2",
            "d3-interpolate": "1.1.2",
            "d3-selection": "1.0.3",
            "d3-transition": "1.0.3"
          }
        },
        "d3-chord": {
          "version": "1.0.3",
          "resolved": "https://registry.npmjs.org/d3-chord/-/d3-chord-1.0.3.tgz",
          "integrity": "sha1-o5i658tjKjxOpoelVaa57kYJ2ZA=",
          "requires": {
            "d3-array": "1.0.2",
            "d3-path": "1.0.3"
          }
        },
        "d3-collection": {
          "version": "1.0.2",
          "resolved": "https://registry.npmjs.org/d3-collection/-/d3-collection-1.0.2.tgz",
          "integrity": "sha1-31rLVABEPp6r6cE3mJbGflJCazk="
        },
        "d3-color": {
          "version": "1.0.2",
          "resolved": "https://registry.npmjs.org/d3-color/-/d3-color-1.0.2.tgz",
          "integrity": "sha1-g8tLOpR05AeV8AnZfpehVkmDC7w="
        },
        "d3-dispatch": {
          "version": "1.0.2",
          "resolved": "https://registry.npmjs.org/d3-dispatch/-/d3-dispatch-1.0.2.tgz",
          "integrity": "sha1-W1EeeaRqH4lJKEHAqPZWaH1dqgo="
        },
        "d3-drag": {
          "version": "1.0.2",
          "resolved": "https://registry.npmjs.org/d3-drag/-/d3-drag-1.0.2.tgz",
          "integrity": "sha1-1jTMP3aJ+Z3QP9frGvKUXA9DOa0=",
          "requires": {
            "d3-dispatch": "1.0.2",
            "d3-selection": "1.0.3"
          }
        },
        "d3-dsv": {
          "version": "1.0.3",
          "resolved": "https://registry.npmjs.org/d3-dsv/-/d3-dsv-1.0.3.tgz",
          "integrity": "sha1-BJ/kPA9fYMf/fTdmFrx21vydN48=",
          "requires": {
            "commander": "2.12.2",
            "iconv-lite": "0.4.19",
            "rw": "1.3.3"
          }
        },
        "d3-ease": {
          "version": "1.0.2",
          "resolved": "https://registry.npmjs.org/d3-ease/-/d3-ease-1.0.2.tgz",
          "integrity": "sha1-tIb488owjKe+OBl9ZWIrbjCYM3c="
        },
        "d3-force": {
          "version": "1.0.4",
          "resolved": "https://registry.npmjs.org/d3-force/-/d3-force-1.0.4.tgz",
          "integrity": "sha1-+E3LsyAL5B3nvDD6cZIxQxVnWL8=",
          "requires": {
            "d3-collection": "1.0.2",
            "d3-dispatch": "1.0.2",
            "d3-quadtree": "1.0.2",
            "d3-timer": "1.0.3"
          }
        },
        "d3-format": {
          "version": "1.0.2",
          "resolved": "https://registry.npmjs.org/d3-format/-/d3-format-1.0.2.tgz",
          "integrity": "sha1-E4YYMgtLvrQ7XA/zBRkHn7vXN14="
        },
        "d3-geo": {
          "version": "1.4.0",
          "resolved": "https://registry.npmjs.org/d3-geo/-/d3-geo-1.4.0.tgz",
          "integrity": "sha1-FeWMQUtbr6GpYO7rKQWclKYNhAg=",
          "requires": {
            "d3-array": "1.0.2"
          }
        },
        "d3-hierarchy": {
          "version": "1.0.3",
          "resolved": "https://registry.npmjs.org/d3-hierarchy/-/d3-hierarchy-1.0.3.tgz",
          "integrity": "sha1-mGtJJegfHgtAh+lEKFD5UM8n0zg="
        },
        "d3-interpolate": {
          "version": "1.1.2",
          "resolved": "https://registry.npmjs.org/d3-interpolate/-/d3-interpolate-1.1.2.tgz",
          "integrity": "sha1-tS5pJ6BP4f4qTP/BOeU4ntPl55A=",
          "requires": {
            "d3-color": "1.0.2"
          }
        },
        "d3-path": {
          "version": "1.0.3",
          "resolved": "https://registry.npmjs.org/d3-path/-/d3-path-1.0.3.tgz",
          "integrity": "sha1-YBA9DeqabNbKWN6GxtVnJAAtP94="
        },
        "d3-polygon": {
          "version": "1.0.2",
          "resolved": "https://registry.npmjs.org/d3-polygon/-/d3-polygon-1.0.2.tgz",
          "integrity": "sha1-ZVLA+wOqLQUCM1Habg6K3E3wICs="
        },
        "d3-quadtree": {
          "version": "1.0.2",
          "resolved": "https://registry.npmjs.org/d3-quadtree/-/d3-quadtree-1.0.2.tgz",
          "integrity": "sha1-5+hzrwaqpCfqpK8JTMTL+zULnjg="
        },
        "d3-queue": {
          "version": "3.0.3",
          "resolved": "https://registry.npmjs.org/d3-queue/-/d3-queue-3.0.3.tgz",
          "integrity": "sha1-EO5N0FdKGv+qv7kx0LpPEXkm7cY="
        },
        "d3-random": {
          "version": "1.0.2",
          "resolved": "https://registry.npmjs.org/d3-random/-/d3-random-1.0.2.tgz",
          "integrity": "sha1-g/9qORIGIJwwVlKZ5DxlSYZtsmk="
        },
        "d3-request": {
          "version": "1.0.3",
          "resolved": "https://registry.npmjs.org/d3-request/-/d3-request-1.0.3.tgz",
          "integrity": "sha1-Y/x9/XhGB9sN9dU118uJj866dVo=",
          "requires": {
            "d3-collection": "1.0.2",
            "d3-dispatch": "1.0.2",
            "d3-dsv": "1.0.3",
            "xmlhttprequest": "1.8.0"
          }
        },
        "d3-scale": {
          "version": "1.0.4",
          "resolved": "https://registry.npmjs.org/d3-scale/-/d3-scale-1.0.4.tgz",
          "integrity": "sha1-UOKL9qGTtwZ0VShRXtmz1EIFoDM=",
          "requires": {
            "d3-array": "1.0.2",
            "d3-collection": "1.0.2",
            "d3-color": "1.0.2",
            "d3-format": "1.0.2",
            "d3-interpolate": "1.1.2",
            "d3-time": "1.0.4",
            "d3-time-format": "2.0.3"
          }
        },
        "d3-selection": {
          "version": "1.0.3",
          "resolved": "https://registry.npmjs.org/d3-selection/-/d3-selection-1.0.3.tgz",
          "integrity": "sha1-5j5RQWFyQnhUwbzfoGbrX+hywQg="
        },
        "d3-shape": {
          "version": "1.0.4",
          "resolved": "https://registry.npmjs.org/d3-shape/-/d3-shape-1.0.4.tgz",
          "integrity": "sha1-FF7hAMy+xC+OPxmWzQXHhvef4cY=",
          "requires": {
            "d3-path": "1.0.3"
          }
        },
        "d3-time": {
          "version": "1.0.4",
          "resolved": "https://registry.npmjs.org/d3-time/-/d3-time-1.0.4.tgz",
          "integrity": "sha1-LOugmna3RQyZKh3tThD8YZXmlkk="
        },
        "d3-time-format": {
          "version": "2.0.3",
          "resolved": "https://registry.npmjs.org/d3-time-format/-/d3-time-format-2.0.3.tgz",
          "integrity": "sha1-MkFWm3TdycQuBonA6KkDV5/WKAo=",
          "requires": {
            "d3-time": "1.0.4"
          }
        },
        "d3-timer": {
          "version": "1.0.3",
          "resolved": "https://registry.npmjs.org/d3-timer/-/d3-timer-1.0.3.tgz",
          "integrity": "sha1-ejCKEMhSR3jmsy0dbBwykgmuDr8="
        },
        "d3-transition": {
          "version": "1.0.3",
          "resolved": "https://registry.npmjs.org/d3-transition/-/d3-transition-1.0.3.tgz",
          "integrity": "sha1-kdyYa92zCXNjkyCoXbcs5KsaJ7s=",
          "requires": {
            "d3-color": "1.0.2",
            "d3-dispatch": "1.0.2",
            "d3-ease": "1.0.2",
            "d3-interpolate": "1.1.2",
            "d3-selection": "1.0.3",
            "d3-timer": "1.0.3"
          }
        },
        "d3-voronoi": {
          "version": "1.1.0",
          "resolved": "https://registry.npmjs.org/d3-voronoi/-/d3-voronoi-1.1.0.tgz",
          "integrity": "sha1-aepZVjzx510cbEXtyAPGWDdo9ig="
        },
        "d3-zoom": {
          "version": "1.1.0",
          "resolved": "https://registry.npmjs.org/d3-zoom/-/d3-zoom-1.1.0.tgz",
          "integrity": "sha1-KYac/RZJKN0jiqpDZRRXQdzxMB8=",
          "requires": {
            "d3-dispatch": "1.0.2",
            "d3-drag": "1.0.2",
            "d3-interpolate": "1.1.2",
            "d3-selection": "1.0.3",
            "d3-transition": "1.0.3"
          }
        },
        "moment": {
          "version": "2.17.1",
          "resolved": "https://registry.npmjs.org/moment/-/moment-2.17.1.tgz",
          "integrity": "sha1-/tlQYGPzaxDwZsi1mhRNf66+HYI="
        }
      }
    },
    "d3-chord": {
      "version": "1.0.4",
      "resolved": "https://registry.npmjs.org/d3-chord/-/d3-chord-1.0.4.tgz",
      "integrity": "sha1-fexPC6iG9xP+ERxF92NBT290yiw=",
      "requires": {
        "d3-array": "1.2.1",
        "d3-path": "1.0.5"
      }
    },
    "d3-collection": {
      "version": "1.0.4",
      "resolved": "https://registry.npmjs.org/d3-collection/-/d3-collection-1.0.4.tgz",
      "integrity": "sha1-NC39EoN8kJdPM/HMCnha6lcNzcI="
    },
    "d3-color": {
      "version": "1.0.3",
      "resolved": "https://registry.npmjs.org/d3-color/-/d3-color-1.0.3.tgz",
      "integrity": "sha1-vHZD/KjlOoNH4vva/6I2eWtYUJs="
    },
    "d3-dispatch": {
      "version": "1.0.3",
      "resolved": "https://registry.npmjs.org/d3-dispatch/-/d3-dispatch-1.0.3.tgz",
      "integrity": "sha1-RuFJHqqbWMNY/OW+TovtYm54cfg="
    },
    "d3-drag": {
      "version": "1.2.1",
      "resolved": "https://registry.npmjs.org/d3-drag/-/d3-drag-1.2.1.tgz",
      "integrity": "sha512-Cg8/K2rTtzxzrb0fmnYOUeZHvwa4PHzwXOLZZPwtEs2SKLLKLXeYwZKBB+DlOxUvFmarOnmt//cU4+3US2lyyQ==",
      "requires": {
        "d3-dispatch": "1.0.3",
        "d3-selection": "1.2.0"
      }
    },
    "d3-dsv": {
      "version": "1.0.8",
      "resolved": "https://registry.npmjs.org/d3-dsv/-/d3-dsv-1.0.8.tgz",
      "integrity": "sha512-IVCJpQ+YGe3qu6odkPQI0KPqfxkhbP/oM1XhhE/DFiYmcXKfCRub4KXyiuehV1d4drjWVXHUWx4gHqhdZb6n/A==",
      "requires": {
        "commander": "2.12.2",
        "iconv-lite": "0.4.19",
        "rw": "1.3.3"
      }
    },
    "d3-ease": {
      "version": "1.0.3",
      "resolved": "https://registry.npmjs.org/d3-ease/-/d3-ease-1.0.3.tgz",
      "integrity": "sha1-aL+8NJM4o4DETYrMT7wzBKotjA4="
    },
    "d3-force": {
      "version": "1.1.0",
      "resolved": "https://registry.npmjs.org/d3-force/-/d3-force-1.1.0.tgz",
      "integrity": "sha512-2HVQz3/VCQs0QeRNZTYb7GxoUCeb6bOzMp/cGcLa87awY9ZsPvXOGeZm0iaGBjXic6I1ysKwMn+g+5jSAdzwcg==",
      "requires": {
        "d3-collection": "1.0.4",
        "d3-dispatch": "1.0.3",
        "d3-quadtree": "1.0.3",
        "d3-timer": "1.0.7"
      }
    },
    "d3-format": {
      "version": "1.2.1",
      "resolved": "https://registry.npmjs.org/d3-format/-/d3-format-1.2.1.tgz",
      "integrity": "sha512-U4zRVLDXW61bmqoo+OJ/V687e1T5nVd3TAKAJKgtpZ/P1JsMgyod0y9br+mlQOryTAACdiXI3wCjuERHFNp91w=="
    },
    "d3-geo": {
      "version": "1.9.1",
      "resolved": "https://registry.npmjs.org/d3-geo/-/d3-geo-1.9.1.tgz",
      "integrity": "sha512-l9wL/cEQkyZQYXw3xbmLsH3eQ5ij+icNfo4r0GrLa5rOCZR/e/3am45IQ0FvQ5uMsv+77zBRunLc9ufTWSQYFA==",
      "requires": {
        "d3-array": "1.2.1"
      }
    },
    "d3-hierarchy": {
      "version": "1.1.5",
      "resolved": "https://registry.npmjs.org/d3-hierarchy/-/d3-hierarchy-1.1.5.tgz",
      "integrity": "sha1-ochFxC+Eoga88cAcAQmOpN2qeiY="
    },
    "d3-interpolate": {
      "version": "1.1.6",
      "resolved": "https://registry.npmjs.org/d3-interpolate/-/d3-interpolate-1.1.6.tgz",
      "integrity": "sha512-mOnv5a+pZzkNIHtw/V6I+w9Lqm9L5bG3OTXPM5A+QO0yyVMQ4W1uZhR+VOJmazaOZXri2ppbiZ5BUNWT0pFM9A==",
      "requires": {
        "d3-color": "1.0.3"
      }
    },
    "d3-path": {
      "version": "1.0.5",
      "resolved": "https://registry.npmjs.org/d3-path/-/d3-path-1.0.5.tgz",
      "integrity": "sha1-JB6xhJvZ6egCHA0KeZ+KDo5EF2Q="
    },
    "d3-polygon": {
      "version": "1.0.3",
      "resolved": "https://registry.npmjs.org/d3-polygon/-/d3-polygon-1.0.3.tgz",
      "integrity": "sha1-FoiOkCZGCTPysXllKtN4Ik04LGI="
    },
    "d3-quadtree": {
      "version": "1.0.3",
      "resolved": "https://registry.npmjs.org/d3-quadtree/-/d3-quadtree-1.0.3.tgz",
      "integrity": "sha1-rHmH4+I/6AWpkPKOG1DTj8uCJDg="
    },
    "d3-queue": {
      "version": "3.0.7",
      "resolved": "https://registry.npmjs.org/d3-queue/-/d3-queue-3.0.7.tgz",
      "integrity": "sha1-yTouVLQXwJWRKdfXP2z31Ckudhg="
    },
    "d3-random": {
      "version": "1.1.0",
      "resolved": "https://registry.npmjs.org/d3-random/-/d3-random-1.1.0.tgz",
      "integrity": "sha1-ZkLlBsb6OmSFldKyRpeIqNElKdM="
    },
    "d3-request": {
      "version": "1.0.6",
      "resolved": "https://registry.npmjs.org/d3-request/-/d3-request-1.0.6.tgz",
      "integrity": "sha512-FJj8ySY6GYuAJHZMaCQ83xEYE4KbkPkmxZ3Hu6zA1xxG2GD+z6P+Lyp+zjdsHf0xEbp2xcluDI50rCS855EQ6w==",
      "requires": {
        "d3-collection": "1.0.4",
        "d3-dispatch": "1.0.3",
        "d3-dsv": "1.0.8",
        "xmlhttprequest": "1.8.0"
      }
    },
    "d3-scale": {
      "version": "1.0.7",
      "resolved": "https://registry.npmjs.org/d3-scale/-/d3-scale-1.0.7.tgz",
      "integrity": "sha512-KvU92czp2/qse5tUfGms6Kjig0AhHOwkzXG0+PqIJB3ke0WUv088AHMZI0OssO9NCkXt4RP8yju9rpH8aGB7Lw==",
      "requires": {
        "d3-array": "1.2.1",
        "d3-collection": "1.0.4",
        "d3-color": "1.0.3",
        "d3-format": "1.2.1",
        "d3-interpolate": "1.1.6",
        "d3-time": "1.0.8",
        "d3-time-format": "2.1.1"
      }
    },
    "d3-selection": {
      "version": "1.2.0",
      "resolved": "https://registry.npmjs.org/d3-selection/-/d3-selection-1.2.0.tgz",
      "integrity": "sha512-xW2Pfcdzh1gOaoI+LGpPsLR2VpBQxuFoxvrvguK8ZmrJbPIVvfNG6pU6GNfK41D6Qz15sj61sbW/AFYuukwaLQ=="
    },
    "d3-shape": {
      "version": "1.2.0",
      "resolved": "https://registry.npmjs.org/d3-shape/-/d3-shape-1.2.0.tgz",
      "integrity": "sha1-RdAVOPBkuv0F6j1tLLdI/YxB93c=",
      "requires": {
        "d3-path": "1.0.5"
      }
    },
    "d3-time": {
      "version": "1.0.8",
      "resolved": "https://registry.npmjs.org/d3-time/-/d3-time-1.0.8.tgz",
      "integrity": "sha512-YRZkNhphZh3KcnBfitvF3c6E0JOFGikHZ4YqD+Lzv83ZHn1/u6yGenRU1m+KAk9J1GnZMnKcrtfvSktlA1DXNQ=="
    },
    "d3-time-format": {
      "version": "2.1.1",
      "resolved": "https://registry.npmjs.org/d3-time-format/-/d3-time-format-2.1.1.tgz",
      "integrity": "sha512-8kAkymq2WMfzW7e+s/IUNAtN/y3gZXGRrdGfo6R8NKPAA85UBTxZg5E61bR6nLwjPjj4d3zywSQe1CkYLPFyrw==",
      "requires": {
        "d3-time": "1.0.8"
      }
    },
    "d3-timer": {
      "version": "1.0.7",
      "resolved": "https://registry.npmjs.org/d3-timer/-/d3-timer-1.0.7.tgz",
      "integrity": "sha512-vMZXR88XujmG/L5oB96NNKH5lCWwiLM/S2HyyAQLcjWJCloK5shxta4CwOFYLZoY3AWX73v8Lgv4cCAdWtRmOA=="
    },
    "d3-transition": {
      "version": "1.1.1",
      "resolved": "https://registry.npmjs.org/d3-transition/-/d3-transition-1.1.1.tgz",
      "integrity": "sha512-xeg8oggyQ+y5eb4J13iDgKIjUcEfIOZs2BqV/eEmXm2twx80wTzJ4tB4vaZ5BKfz7XsI/DFmQL5me6O27/5ykQ==",
      "requires": {
        "d3-color": "1.0.3",
        "d3-dispatch": "1.0.3",
        "d3-ease": "1.0.3",
        "d3-interpolate": "1.1.6",
        "d3-selection": "1.2.0",
        "d3-timer": "1.0.7"
      }
    },
    "d3-voronoi": {
      "version": "1.1.2",
      "resolved": "https://registry.npmjs.org/d3-voronoi/-/d3-voronoi-1.1.2.tgz",
      "integrity": "sha1-Fodmfo8TotFYyAwUgMWinLDYlzw="
    },
    "d3-zoom": {
      "version": "1.7.1",
      "resolved": "https://registry.npmjs.org/d3-zoom/-/d3-zoom-1.7.1.tgz",
      "integrity": "sha512-sZHQ55DGq5BZBFGnRshUT8tm2sfhPHFnOlmPbbwTkAoPeVdRTkB4Xsf9GCY0TSHrTD8PeJPZGmP/TpGicwJDJQ==",
      "requires": {
        "d3-dispatch": "1.0.3",
        "d3-drag": "1.2.1",
        "d3-interpolate": "1.1.6",
        "d3-selection": "1.2.0",
        "d3-transition": "1.1.1"
      }
    },
    "dom-helpers": {
      "version": "3.3.1",
      "resolved": "https://registry.npmjs.org/dom-helpers/-/dom-helpers-3.3.1.tgz",
      "integrity": "sha512-2Sm+JaYn74OiTM2wHvxJOo3roiq/h25Yi69Fqk269cNUwIXsCvATB6CRSFC9Am/20G2b28hGv/+7NiWydIrPvg=="
    },
    "encoding": {
      "version": "0.1.12",
      "resolved": "https://registry.npmjs.org/encoding/-/encoding-0.1.12.tgz",
      "integrity": "sha1-U4tm8+5izRq1HsMjgp0flIDHS+s=",
      "requires": {
        "iconv-lite": "0.4.19"
      }
    },
    "fbjs": {
      "version": "0.8.16",
      "resolved": "https://registry.npmjs.org/fbjs/-/fbjs-0.8.16.tgz",
      "integrity": "sha1-XmdDL1UNxBtXK/VYR7ispk5TN9s=",
      "requires": {
        "core-js": "1.2.7",
        "isomorphic-fetch": "2.2.1",
        "loose-envify": "1.3.1",
        "object-assign": "4.1.1",
        "promise": "7.3.1",
        "setimmediate": "1.0.5",
        "ua-parser-js": "0.7.17"
      },
      "dependencies": {
        "core-js": {
          "version": "1.2.7",
          "resolved": "https://registry.npmjs.org/core-js/-/core-js-1.2.7.tgz",
          "integrity": "sha1-ZSKUwUZR2yj6k70tX/KYOk8IxjY="
        }
      }
    },
    "iconv-lite": {
      "version": "0.4.19",
      "resolved": "https://registry.npmjs.org/iconv-lite/-/iconv-lite-0.4.19.tgz",
      "integrity": "sha512-oTZqweIP51xaGPI4uPa56/Pri/480R+mo7SeU+YETByQNhDG55ycFyNLIgta9vXhILrxXDmF7ZGhqZIcuN0gJQ=="
    },
    "immutable": {
      "version": "3.8.2",
      "resolved": "https://registry.npmjs.org/immutable/-/immutable-3.8.2.tgz",
      "integrity": "sha1-wkOZUUVbs5kT2vKBN28VMOEErfM="
    },
    "is-stream": {
      "version": "1.1.0",
      "resolved": "https://registry.npmjs.org/is-stream/-/is-stream-1.1.0.tgz",
      "integrity": "sha1-EtSj3U5o4Lec6428hBc66A2RykQ="
    },
    "isomorphic-fetch": {
      "version": "2.2.1",
      "resolved": "https://registry.npmjs.org/isomorphic-fetch/-/isomorphic-fetch-2.2.1.tgz",
      "integrity": "sha1-YRrhrPFPXoH3KVB0coGf6XM1WKk=",
      "requires": {
        "node-fetch": "1.7.3",
        "whatwg-fetch": "2.0.3"
      }
    },
    "js-tokens": {
      "version": "3.0.2",
      "resolved": "https://registry.npmjs.org/js-tokens/-/js-tokens-3.0.2.tgz",
      "integrity": "sha1-mGbfOVECEw449/mWvOtlRDIJwls="
    },
    "loose-envify": {
      "version": "1.3.1",
      "resolved": "https://registry.npmjs.org/loose-envify/-/loose-envify-1.3.1.tgz",
      "integrity": "sha1-0aitM/qc4OcT1l/dCsi3SNR4yEg=",
      "requires": {
        "js-tokens": "3.0.2"
      }
    },
    "moment": {
      "version": "2.20.1",
      "resolved": "https://registry.npmjs.org/moment/-/moment-2.20.1.tgz",
      "integrity": "sha512-Yh9y73JRljxW5QxN08Fner68eFLxM5ynNOAw2LbIB1YAGeQzZT8QFSUvkAz609Zf+IHhhaUxqZK8dG3W/+HEvg=="
    },
    "node-fetch": {
      "version": "1.7.3",
      "resolved": "https://registry.npmjs.org/node-fetch/-/node-fetch-1.7.3.tgz",
      "integrity": "sha512-NhZ4CsKx7cYm2vSrBAr2PvFOe6sWDf0UYLRqA6svUYg7+/TSfVAu49jYC4BvQ4Sms9SZgdqGBgroqfDhJdTyKQ==",
      "requires": {
        "encoding": "0.1.12",
        "is-stream": "1.1.0"
      }
    },
    "object-assign": {
      "version": "4.1.1",
      "resolved": "https://registry.npmjs.org/object-assign/-/object-assign-4.1.1.tgz",
      "integrity": "sha1-IQmtx5ZYh8/AXLvUQsrIv7s2CGM="
    },
    "promise": {
      "version": "7.3.1",
      "resolved": "https://registry.npmjs.org/promise/-/promise-7.3.1.tgz",
      "integrity": "sha512-nolQXZ/4L+bP/UGlkfaIujX9BKxGwmQ9OT4mOt5yvy8iK1h3wqTEJCijzGANTCCl9nWjY41juyAn2K3Q1hLLTg==",
      "requires": {
        "asap": "2.0.6"
      }
    },
    "prop-types": {
      "version": "15.6.0",
      "resolved": "https://registry.npmjs.org/prop-types/-/prop-types-15.6.0.tgz",
      "integrity": "sha1-zq8IMCL8RrSjX2nhPvda7Q1jmFY=",
      "requires": {
        "fbjs": "0.8.16",
        "loose-envify": "1.3.1",
        "object-assign": "4.1.1"
      }
    },
    "react": {
      "version": "15.6.2",
      "resolved": "https://registry.npmjs.org/react/-/react-15.6.2.tgz",
      "integrity": "sha1-26BDSrQ5z+gvEI8PURZjkIF5qnI=",
      "requires": {
        "create-react-class": "15.6.2",
        "fbjs": "0.8.16",
        "loose-envify": "1.3.1",
        "object-assign": "4.1.1",
        "prop-types": "15.6.0"
      }
    },
    "react-addons-pure-render-mixin": {
      "version": "15.6.2",
      "resolved": "https://registry.npmjs.org/react-addons-pure-render-mixin/-/react-addons-pure-render-mixin-15.6.2.tgz",
      "integrity": "sha1-a4P0C2s27kBzXL1hJes/E84c3ck=",
      "requires": {
        "fbjs": "0.8.16",
        "object-assign": "4.1.1"
      }
    },
    "react-addons-shallow-compare": {
      "version": "15.6.2",
      "resolved": "https://registry.npmjs.org/react-addons-shallow-compare/-/react-addons-shallow-compare-15.6.2.tgz",
      "integrity": "sha1-GYoAuR/DdiPbZKKP0XtZa6NicC8=",
      "requires": {
        "fbjs": "0.8.16",
        "object-assign": "4.1.1"
      }
    },
    "react-dom": {
      "version": "15.6.2",
      "resolved": "https://registry.npmjs.org/react-dom/-/react-dom-15.6.2.tgz",
      "integrity": "sha1-Qc+t9pO3V/rycIRDodH9WgK+9zA=",
      "requires": {
        "fbjs": "0.8.16",
        "loose-envify": "1.3.1",
        "object-assign": "4.1.1",
        "prop-types": "15.6.0"
      }
    },
    "react-virtualized": {
      "version": "9.16.0",
      "resolved": "https://registry.npmjs.org/react-virtualized/-/react-virtualized-9.16.0.tgz",
      "integrity": "sha512-yrQu6Ku67waQCcduwvXyaJ1bVwVuH25Ww3Ru6pR7U1on84/8osxIDzQVuIiF0iHow+EbUsuLPXxQoFQAsbbMng==",
      "requires": {
        "babel-runtime": "6.26.0",
        "classnames": "2.2.5",
        "dom-helpers": "3.3.1",
        "loose-envify": "1.3.1",
        "prop-types": "15.6.0"
      }
    },
    "regenerator-runtime": {
      "version": "0.11.1",
      "resolved": "https://registry.npmjs.org/regenerator-runtime/-/regenerator-runtime-0.11.1.tgz",
      "integrity": "sha512-MguG95oij0fC3QV3URf4V2SDYGJhJnJGqvIIgdECeODCT98wSWDAJ94SSuVpYQUoTcGUIL6L4yNB7j1DFFHSBg=="
    },
    "rw": {
      "version": "1.3.3",
      "resolved": "https://registry.npmjs.org/rw/-/rw-1.3.3.tgz",
      "integrity": "sha1-P4Yt+pGrdmsUiF700BEkv9oHT7Q="
    },
    "setimmediate": {
      "version": "1.0.5",
      "resolved": "https://registry.npmjs.org/setimmediate/-/setimmediate-1.0.5.tgz",
      "integrity": "sha1-KQy7Iy4waULX1+qbg3Mqt4VvgoU="
    },
    "ua-parser-js": {
      "version": "0.7.17",
      "resolved": "https://registry.npmjs.org/ua-parser-js/-/ua-parser-js-0.7.17.tgz",
      "integrity": "sha512-uRdSdu1oA1rncCQL7sCj8vSyZkgtL7faaw9Tc9rZ3mGgraQ7+Pdx7w5mnOSF3gw9ZNG6oc+KXfkon3bKuROm0g=="
    },
    "underscore": {
      "version": "1.8.3",
      "resolved": "https://registry.npmjs.org/underscore/-/underscore-1.8.3.tgz",
      "integrity": "sha1-Tz+1OxBuYJf8+ctBCfKl6b36UCI="
    },
    "whatwg-fetch": {
      "version": "2.0.3",
      "resolved": "https://registry.npmjs.org/whatwg-fetch/-/whatwg-fetch-2.0.3.tgz",
      "integrity": "sha1-nITsLc9oGH/wC8ZOEnS0QhduHIQ="
    },
    "xmlhttprequest": {
      "version": "1.8.0",
      "resolved": "https://registry.npmjs.org/xmlhttprequest/-/xmlhttprequest-1.8.0.tgz",
      "integrity": "sha1-Z/4HXFwk/vOfnWX197f+dRcZaPw="
    }
  }
}
